
Microsoft Visual Studio Solution File, Format Version 12.00
# Visual Studio Version 16
VisualStudioVersion = 16.0.31129.286
MinimumVisualStudioVersion = 10.0.40219.1
Project("{FAE04EC0-301F-11D3-BF4B-00C04F79EFBC}") = "JondaFabrikPrøveH4", "JondaFabrikPrøveH4.csproj", "{BAB67127-02E6-4031-AC08-83EC0DBF4256}"
EndProject
Global
	GlobalSection(SolutionConfigurationPlatforms) = preSolution
		Debug|Any CPU = Debug|Any CPU
		Release|Any CPU = Release|Any CPU
	EndGlobalSection
	GlobalSection(ProjectConfigurationPlatforms) = postSolution
		{BAB67127-02E6-4031-AC08-83EC0DBF4256}.Debug|Any CPU.ActiveCfg = Debug|Any CPU
		{BAB67127-02E6-4031-AC08-83EC0DBF4256}.Debug|Any CPU.Build.0 = Debug|Any CPU
		{BAB67127-02E6-4031-AC08-83EC0DBF4256}.Release|Any CPU.ActiveCfg = Release|Any CPU
		{BAB67127-02E6-4031-AC08-83EC0DBF4256}.Release|Any CPU.Build.0 = Release|Any CPU
	EndGlobalSection
	GlobalSection(SolutionProperties) = preSolution
		HideSolutionNode = FALSE
	EndGlobalSection
	GlobalSection(ExtensibilityGlobals) = postSolution
		SolutionGuid = {C54392E6-6351-47E5-A923-38E708BE5658}
	EndGlobalSection
EndGlobal
